
Microsoft Visual Studio Solution File, Format Version 12.00
# Visual Studio Version 16
VisualStudioVersion = 16.0.30907.101
MinimumVisualStudioVersion = 10.0.40219.1
Project("{FAE04EC0-301F-11D3-BF4B-00C04F79EFBC}") = "Lab7_2", "Lab7_2\Lab7_2.csproj", "{9226B27F-BD8C-4142-826D-C79DCB88263B}"
EndProject
Project("{FAE04EC0-301F-11D3-BF4B-00C04F79EFBC}") = "Lab7_2Tests", "Lab7_2Tests\Lab7_2Tests.csproj", "{B9CFF8D5-2A74-4095-9223-1119789B5573}"
EndProject
Global
	GlobalSection(SolutionConfigurationPlatforms) = preSolution
		Debug|Any CPU = Debug|Any CPU
		Release|Any CPU = Release|Any CPU
	EndGlobalSection
	GlobalSection(ProjectConfigurationPlatforms) = postSolution
		{9226B27F-BD8C-4142-826D-C79DCB88263B}.Debug|Any CPU.ActiveCfg = Debug|Any CPU
		{9226B27F-BD8C-4142-826D-C79DCB88263B}.Debug|Any CPU.Build.0 = Debug|Any CPU
		{9226B27F-BD8C-4142-826D-C79DCB88263B}.Release|Any CPU.ActiveCfg = Release|Any CPU
		{9226B27F-BD8C-4142-826D-C79DCB88263B}.Release|Any CPU.Build.0 = Release|Any CPU
		{B9CFF8D5-2A74-4095-9223-1119789B5573}.Debug|Any CPU.ActiveCfg = Debug|Any CPU
		{B9CFF8D5-2A74-4095-9223-1119789B5573}.Debug|Any CPU.Build.0 = Debug|Any CPU
		{B9CFF8D5-2A74-4095-9223-1119789B5573}.Release|Any CPU.ActiveCfg = Release|Any CPU
		{B9CFF8D5-2A74-4095-9223-1119789B5573}.Release|Any CPU.Build.0 = Release|Any CPU
	EndGlobalSection
	GlobalSection(SolutionProperties) = preSolution
		HideSolutionNode = FALSE
	EndGlobalSection
	GlobalSection(ExtensibilityGlobals) = postSolution
		SolutionGuid = {4C36D112-7DCF-4771-B96E-94FDF66C35E6}
	EndGlobalSection
EndGlobal
