
Microsoft Visual Studio Solution File, Format Version 12.00
# Visual Studio Version 16
VisualStudioVersion = 16.0.30621.155
MinimumVisualStudioVersion = 10.0.40219.1
Project("{FAE04EC0-301F-11D3-BF4B-00C04F79EFBC}") = "Lab3", "Lab3\Lab3.csproj", "{38891442-6808-4E36-8E92-8D2E9E3B14F0}"
EndProject
Project("{FAE04EC0-301F-11D3-BF4B-00C04F79EFBC}") = "lab3_console", "lab3_console\lab3_console.csproj", "{1BCD45BE-BDD8-4221-9A8D-49A704EB075A}"
EndProject
Global
	GlobalSection(SolutionConfigurationPlatforms) = preSolution
		Debug|Any CPU = Debug|Any CPU
		Release|Any CPU = Release|Any CPU
	EndGlobalSection
	GlobalSection(ProjectConfigurationPlatforms) = postSolution
		{38891442-6808-4E36-8E92-8D2E9E3B14F0}.Debug|Any CPU.ActiveCfg = Debug|Any CPU
		{38891442-6808-4E36-8E92-8D2E9E3B14F0}.Debug|Any CPU.Build.0 = Debug|Any CPU
		{38891442-6808-4E36-8E92-8D2E9E3B14F0}.Release|Any CPU.ActiveCfg = Release|Any CPU
		{38891442-6808-4E36-8E92-8D2E9E3B14F0}.Release|Any CPU.Build.0 = Release|Any CPU
		{1BCD45BE-BDD8-4221-9A8D-49A704EB075A}.Debug|Any CPU.ActiveCfg = Debug|Any CPU
		{1BCD45BE-BDD8-4221-9A8D-49A704EB075A}.Debug|Any CPU.Build.0 = Debug|Any CPU
		{1BCD45BE-BDD8-4221-9A8D-49A704EB075A}.Release|Any CPU.ActiveCfg = Release|Any CPU
		{1BCD45BE-BDD8-4221-9A8D-49A704EB075A}.Release|Any CPU.Build.0 = Release|Any CPU
	EndGlobalSection
	GlobalSection(SolutionProperties) = preSolution
		HideSolutionNode = FALSE
	EndGlobalSection
	GlobalSection(ExtensibilityGlobals) = postSolution
		SolutionGuid = {C02549EA-C993-42BA-933F-FBAD835783E5}
	EndGlobalSection
EndGlobal
